
Microsoft Visual Studio Solution File, Format Version 12.00
# Visual Studio Version 17
VisualStudioVersion = 17.9.34902.65
MinimumVisualStudioVersion = 10.0.40219.1
Project("{FAE04EC0-301F-11D3-BF4B-00C04F79EFBC}") = "BinaryTenCRM", "BinaryTenCRM\BinaryTenCRM.csproj", "{39265F5A-C741-4843-BF0F-019E0DA19A1D}"
EndProject
Global
	GlobalSection(SolutionConfigurationPlatforms) = preSolution
		Debug|Any CPU = Debug|Any CPU
		Release|Any CPU = Release|Any CPU
	EndGlobalSection
	GlobalSection(ProjectConfigurationPlatforms) = postSolution
		{39265F5A-C741-4843-BF0F-019E0DA19A1D}.Debug|Any CPU.ActiveCfg = Debug|Any CPU
		{39265F5A-C741-4843-BF0F-019E0DA19A1D}.Debug|Any CPU.Build.0 = Debug|Any CPU
		{39265F5A-C741-4843-BF0F-019E0DA19A1D}.Release|Any CPU.ActiveCfg = Release|Any CPU
		{39265F5A-C741-4843-BF0F-019E0DA19A1D}.Release|Any CPU.Build.0 = Release|Any CPU
	EndGlobalSection
	GlobalSection(SolutionProperties) = preSolution
		HideSolutionNode = FALSE
	EndGlobalSection
	GlobalSection(ExtensibilityGlobals) = postSolution
		SolutionGuid = {9583E49D-AEE4-436C-8417-EA237B5CC66D}
	EndGlobalSection
EndGlobal
